
Microsoft Visual Studio Solution File, Format Version 12.00
# Visual Studio Version 17
VisualStudioVersion = 17.4.33205.214
MinimumVisualStudioVersion = 10.0.40219.1
Project("{8BC9CEB8-8B4A-11D0-8D11-00A0C91BC942}") = "Printf", "Printf\Printf.vcxproj", "{400F1205-ABF8-4040-B407-930CC7E0C706}"
EndProject
Global
	GlobalSection(SolutionConfigurationPlatforms) = preSolution
		Debug|x64 = Debug|x64
		Debug|x86 = Debug|x86
		Release|x64 = Release|x64
		Release|x86 = Release|x86
	EndGlobalSection
	GlobalSection(ProjectConfigurationPlatforms) = postSolution
		{400F1205-ABF8-4040-B407-930CC7E0C706}.Debug|x64.ActiveCfg = Debug|x64
		{400F1205-ABF8-4040-B407-930CC7E0C706}.Debug|x64.Build.0 = Debug|x64
		{400F1205-ABF8-4040-B407-930CC7E0C706}.Debug|x86.ActiveCfg = Debug|Win32
		{400F1205-ABF8-4040-B407-930CC7E0C706}.Debug|x86.Build.0 = Debug|Win32
		{400F1205-ABF8-4040-B407-930CC7E0C706}.Release|x64.ActiveCfg = Release|x64
		{400F1205-ABF8-4040-B407-930CC7E0C706}.Release|x64.Build.0 = Release|x64
		{400F1205-ABF8-4040-B407-930CC7E0C706}.Release|x86.ActiveCfg = Release|Win32
		{400F1205-ABF8-4040-B407-930CC7E0C706}.Release|x86.Build.0 = Release|Win32
	EndGlobalSection
	GlobalSection(SolutionProperties) = preSolution
		HideSolutionNode = FALSE
	EndGlobalSection
	GlobalSection(ExtensibilityGlobals) = postSolution
		SolutionGuid = {BC00BF12-3D79-430C-B687-CBB37E12F77A}
	EndGlobalSection
EndGlobal
